
Microsoft Visual Studio Solution File, Format Version 12.00
# Visual Studio Version 16
VisualStudioVersion = 16.0.30128.36
MinimumVisualStudioVersion = 10.0.40219.1
Project("{FAE04EC0-301F-11D3-BF4B-00C04F79EFBC}") = "Hangman", "Hangman\Hangman.csproj", "{C8027503-B99A-42E3-9FDB-A90B804324B5}"
EndProject
Global
	GlobalSection(SolutionConfigurationPlatforms) = preSolution
		Debug|Any CPU = Debug|Any CPU
		Release|Any CPU = Release|Any CPU
	EndGlobalSection
	GlobalSection(ProjectConfigurationPlatforms) = postSolution
		{C8027503-B99A-42E3-9FDB-A90B804324B5}.Debug|Any CPU.ActiveCfg = Debug|Any CPU
		{C8027503-B99A-42E3-9FDB-A90B804324B5}.Debug|Any CPU.Build.0 = Debug|Any CPU
		{C8027503-B99A-42E3-9FDB-A90B804324B5}.Release|Any CPU.ActiveCfg = Release|Any CPU
		{C8027503-B99A-42E3-9FDB-A90B804324B5}.Release|Any CPU.Build.0 = Release|Any CPU
	EndGlobalSection
	GlobalSection(SolutionProperties) = preSolution
		HideSolutionNode = FALSE
	EndGlobalSection
	GlobalSection(ExtensibilityGlobals) = postSolution
		SolutionGuid = {08A2B697-9E31-4FEA-B390-F109F711DEFE}
	EndGlobalSection
EndGlobal
